// !$*UTF8*$!
{
	archiveVersion = 1;
	classes = {
	};
	objectVersion = 56;
	objects = {

/* Begin PBXBuildFile section */
		612156E0287061C70041EB2B /* DateHelper in Frameworks */ = {isa = PBXBuildFile; productRef = 612156DF287061C70041EB2B /* DateHelper */; };
		61A581F9287185900091FAA1 /* EntryCell.swift in Sources */ = {isa = PBXBuildFile; fileRef = 61A581F8287185900091FAA1 /* EntryCell.swift */; };
		61A581FB287186E90091FAA1 /* Altapi+Extensions.swift in Sources */ = {isa = PBXBuildFile; fileRef = 61A581FA287186E90091FAA1 /* Altapi+Extensions.swift */; };
		61AADE9F286A46F40053A302 /* Fancy_ScheduleApp.swift in Sources */ = {isa = PBXBuildFile; fileRef = 61AADE9E286A46F40053A302 /* Fancy_ScheduleApp.swift */; };
		61AADEA1286A46F40053A302 /* ContentView.swift in Sources */ = {isa = PBXBuildFile; fileRef = 61AADEA0286A46F40053A302 /* ContentView.swift */; };
		61AADEA3286A46F50053A302 /* Assets.xcassets in Resources */ = {isa = PBXBuildFile; fileRef = 61AADEA2286A46F50053A302 /* Assets.xcassets */; };
		61AADEA6286A46F50053A302 /* Preview Assets.xcassets in Resources */ = {isa = PBXBuildFile; fileRef = 61AADEA5286A46F50053A302 /* Preview Assets.xcassets */; };
		61AADEB5286A482C0053A302 /* Altapi.docc in Sources */ = {isa = PBXBuildFile; fileRef = 61AADEB4286A482C0053A302 /* Altapi.docc */; };
		61AADEBB286A482D0053A302 /* Altapi.framework in Frameworks */ = {isa = PBXBuildFile; fileRef = 61AADEB1286A482C0053A302 /* Altapi.framework */; };
		61AADEC2286A482D0053A302 /* AltapiTests.swift in Sources */ = {isa = PBXBuildFile; fileRef = 61AADEC1286A482D0053A302 /* AltapiTests.swift */; };
		61AADEC3286A482D0053A302 /* Altapi.h in Headers */ = {isa = PBXBuildFile; fileRef = 61AADEB3286A482C0053A302 /* Altapi.h */; settings = {ATTRIBUTES = (Public, ); }; };
		61AADEC6286A482D0053A302 /* Altapi.framework in Frameworks */ = {isa = PBXBuildFile; fileRef = 61AADEB1286A482C0053A302 /* Altapi.framework */; };
		61AADEC7286A482D0053A302 /* Altapi.framework in Embed Frameworks */ = {isa = PBXBuildFile; fileRef = 61AADEB1286A482C0053A302 /* Altapi.framework */; settings = {ATTRIBUTES = (CodeSignOnCopy, RemoveHeadersOnCopy, ); }; };
		61AADED0286A49BC0053A302 /* Altapi.swift in Sources */ = {isa = PBXBuildFile; fileRef = 61AADECF286A49BC0053A302 /* Altapi.swift */; };
		61AADED2286A49D50053A302 /* Models.swift in Sources */ = {isa = PBXBuildFile; fileRef = 61AADED1286A49D50053A302 /* Models.swift */; };
/* End PBXBuildFile section */

/* Begin PBXContainerItemProxy section */
		61AADEBC286A482D0053A302 /* PBXContainerItemProxy */ = {
			isa = PBXContainerItemProxy;
			containerPortal = 61AADE93286A46F40053A302 /* Project object */;
			proxyType = 1;
			remoteGlobalIDString = 61AADEB0286A482C0053A302;
			remoteInfo = Altapi;
		};
		61AADEBE286A482D0053A302 /* PBXContainerItemProxy */ = {
			isa = PBXContainerItemProxy;
			containerPortal = 61AADE93286A46F40053A302 /* Project object */;
			proxyType = 1;
			remoteGlobalIDString = 61AADE9A286A46F40053A302;
			remoteInfo = "Fancy Schedule";
		};
		61AADEC4286A482D0053A302 /* PBXContainerItemProxy */ = {
			isa = PBXContainerItemProxy;
			containerPortal = 61AADE93286A46F40053A302 /* Project object */;
			proxyType = 1;
			remoteGlobalIDString = 61AADEB0286A482C0053A302;
			remoteInfo = Altapi;
		};
/* End PBXContainerItemProxy section */

/* Begin PBXCopyFilesBuildPhase section */
		61AADECB286A482D0053A302 /* Embed Frameworks */ = {
			isa = PBXCopyFilesBuildPhase;
			buildActionMask = 2147483647;
			dstPath = "";
			dstSubfolderSpec = 10;
			files = (
				61AADEC7286A482D0053A302 /* Altapi.framework in Embed Frameworks */,
			);
			name = "Embed Frameworks";
			runOnlyForDeploymentPostprocessing = 0;
		};
/* End PBXCopyFilesBuildPhase section */

/* Begin PBXFileReference section */
		61A581F8287185900091FAA1 /* EntryCell.swift */ = {isa = PBXFileReference; lastKnownFileType = sourcecode.swift; path = EntryCell.swift; sourceTree = "<group>"; };
		61A581FA287186E90091FAA1 /* Altapi+Extensions.swift */ = {isa = PBXFileReference; lastKnownFileType = sourcecode.swift; path = "Altapi+Extensions.swift"; sourceTree = "<group>"; };
		61AADE9B286A46F40053A302 /* Fancy Schedule.app */ = {isa = PBXFileReference; explicitFileType = wrapper.application; includeInIndex = 0; path = "Fancy Schedule.app"; sourceTree = BUILT_PRODUCTS_DIR; };
		61AADE9E286A46F40053A302 /* Fancy_ScheduleApp.swift */ = {isa = PBXFileReference; lastKnownFileType = sourcecode.swift; path = Fancy_ScheduleApp.swift; sourceTree = "<group>"; };
		61AADEA0286A46F40053A302 /* ContentView.swift */ = {isa = PBXFileReference; lastKnownFileType = sourcecode.swift; path = ContentView.swift; sourceTree = "<group>"; };
		61AADEA2286A46F50053A302 /* Assets.xcassets */ = {isa = PBXFileReference; lastKnownFileType = folder.assetcatalog; path = Assets.xcassets; sourceTree = "<group>"; };
		61AADEA5286A46F50053A302 /* Preview Assets.xcassets */ = {isa = PBXFileReference; lastKnownFileType = folder.assetcatalog; path = "Preview Assets.xcassets"; sourceTree = "<group>"; };
		61AADEB1286A482C0053A302 /* Altapi.framework */ = {isa = PBXFileReference; explicitFileType = wrapper.framework; includeInIndex = 0; path = Altapi.framework; sourceTree = BUILT_PRODUCTS_DIR; };
		61AADEB3286A482C0053A302 /* Altapi.h */ = {isa = PBXFileReference; lastKnownFileType = sourcecode.c.h; path = Altapi.h; sourceTree = "<group>"; };
		61AADEB4286A482C0053A302 /* Altapi.docc */ = {isa = PBXFileReference; lastKnownFileType = folder.documentationcatalog; path = Altapi.docc; sourceTree = "<group>"; };
		61AADEBA286A482D0053A302 /* AltapiTests.xctest */ = {isa = PBXFileReference; explicitFileType = wrapper.cfbundle; includeInIndex = 0; path = AltapiTests.xctest; sourceTree = BUILT_PRODUCTS_DIR; };
		61AADEC1286A482D0053A302 /* AltapiTests.swift */ = {isa = PBXFileReference; lastKnownFileType = sourcecode.swift; path = AltapiTests.swift; sourceTree = "<group>"; };
		61AADECF286A49BC0053A302 /* Altapi.swift */ = {isa = PBXFileReference; lastKnownFileType = sourcecode.swift; path = Altapi.swift; sourceTree = "<group>"; };
		61AADED1286A49D50053A302 /* Models.swift */ = {isa = PBXFileReference; lastKnownFileType = sourcecode.swift; path = Models.swift; sourceTree = "<group>"; };
/* End PBXFileReference section */

/* Begin PBXFrameworksBuildPhase section */
		61AADE98286A46F40053A302 /* Frameworks */ = {
			isa = PBXFrameworksBuildPhase;
			buildActionMask = 2147483647;
			files = (
				612156E0287061C70041EB2B /* DateHelper in Frameworks */,
				61AADEC6286A482D0053A302 /* Altapi.framework in Frameworks */,
			);
			runOnlyForDeploymentPostprocessing = 0;
		};
		61AADEAE286A482C0053A302 /* Frameworks */ = {
			isa = PBXFrameworksBuildPhase;
			buildActionMask = 2147483647;
			files = (
			);
			runOnlyForDeploymentPostprocessing = 0;
		};
		61AADEB7286A482D0053A302 /* Frameworks */ = {
			isa = PBXFrameworksBuildPhase;
			buildActionMask = 2147483647;
			files = (
				61AADEBB286A482D0053A302 /* Altapi.framework in Frameworks */,
			);
			runOnlyForDeploymentPostprocessing = 0;
		};
/* End PBXFrameworksBuildPhase section */

/* Begin PBXGroup section */
		61AADE92286A46F40053A302 = {
			isa = PBXGroup;
			children = (
				61AADE9D286A46F40053A302 /* Fancy Schedule */,
				61AADEB2286A482C0053A302 /* Altapi */,
				61AADEC0286A482D0053A302 /* AltapiTests */,
				61AADE9C286A46F40053A302 /* Products */,
			);
			sourceTree = "<group>";
		};
		61AADE9C286A46F40053A302 /* Products */ = {
			isa = PBXGroup;
			children = (
				61AADE9B286A46F40053A302 /* Fancy Schedule.app */,
				61AADEB1286A482C0053A302 /* Altapi.framework */,
				61AADEBA286A482D0053A302 /* AltapiTests.xctest */,
			);
			name = Products;
			sourceTree = "<group>";
		};
		61AADE9D286A46F40053A302 /* Fancy Schedule */ = {
			isa = PBXGroup;
			children = (
				61AADE9E286A46F40053A302 /* Fancy_ScheduleApp.swift */,
				61AADEA0286A46F40053A302 /* ContentView.swift */,
				61AADEA2286A46F50053A302 /* Assets.xcassets */,
				61AADEA4286A46F50053A302 /* Preview Content */,
				61A581F8287185900091FAA1 /* EntryCell.swift */,
				61A581FA287186E90091FAA1 /* Altapi+Extensions.swift */,
			);
			path = "Fancy Schedule";
			sourceTree = "<group>";
		};
		61AADEA4286A46F50053A302 /* Preview Content */ = {
			isa = PBXGroup;
			children = (
				61AADEA5286A46F50053A302 /* Preview Assets.xcassets */,
			);
			path = "Preview Content";
			sourceTree = "<group>";
		};
		61AADEB2286A482C0053A302 /* Altapi */ = {
			isa = PBXGroup;
			children = (
				61AADEB3286A482C0053A302 /* Altapi.h */,
				61AADEB4286A482C0053A302 /* Altapi.docc */,
				61AADECF286A49BC0053A302 /* Altapi.swift */,
				61AADED1286A49D50053A302 /* Models.swift */,
			);
			path = Altapi;
			sourceTree = "<group>";
		};
		61AADEC0286A482D0053A302 /* AltapiTests */ = {
			isa = PBXGroup;
			children = (
				61AADEC1286A482D0053A302 /* AltapiTests.swift */,
			);
			path = AltapiTests;
			sourceTree = "<group>";
		};
/* End PBXGroup section */

/* Begin PBXHeadersBuildPhase section */
		61AADEAC286A482C0053A302 /* Headers */ = {
			isa = PBXHeadersBuildPhase;
			buildActionMask = 2147483647;
			files = (
				61AADEC3286A482D0053A302 /* Altapi.h in Headers */,
			);
			runOnlyForDeploymentPostprocessing = 0;
		};
/* End PBXHeadersBuildPhase section */

/* Begin PBXNativeTarget section */
		61AADE9A286A46F40053A302 /* Fancy Schedule */ = {
			isa = PBXNativeTarget;
			buildConfigurationList = 61AADEA9286A46F50053A302 /* Build configuration list for PBXNativeTarget "Fancy Schedule" */;
			buildPhases = (
				61AADE97286A46F40053A302 /* Sources */,
				61AADE98286A46F40053A302 /* Frameworks */,
				61AADE99286A46F40053A302 /* Resources */,
				61AADECB286A482D0053A302 /* Embed Frameworks */,
			);
			buildRules = (
			);
			dependencies = (
				61AADEC5286A482D0053A302 /* PBXTargetDependency */,
			);
			name = "Fancy Schedule";
			packageProductDependencies = (
				612156DF287061C70041EB2B /* DateHelper */,
			);
			productName = "Fancy Schedule";
			productReference = 61AADE9B286A46F40053A302 /* Fancy Schedule.app */;
			productType = "com.apple.product-type.application";
		};
		61AADEB0286A482C0053A302 /* Altapi */ = {
			isa = PBXNativeTarget;
			buildConfigurationList = 61AADEC8286A482D0053A302 /* Build configuration list for PBXNativeTarget "Altapi" */;
			buildPhases = (
				61AADEAC286A482C0053A302 /* Headers */,
				61AADEAD286A482C0053A302 /* Sources */,
				61AADEAE286A482C0053A302 /* Frameworks */,
				61AADEAF286A482C0053A302 /* Resources */,
			);
			buildRules = (
			);
			dependencies = (
			);
			name = Altapi;
			productName = Altapi;
			productReference = 61AADEB1286A482C0053A302 /* Altapi.framework */;
			productType = "com.apple.product-type.framework";
		};
		61AADEB9286A482D0053A302 /* AltapiTests */ = {
			isa = PBXNativeTarget;
			buildConfigurationList = 61AADECC286A482D0053A302 /* Build configuration list for PBXNativeTarget "AltapiTests" */;
			buildPhases = (
				61AADEB6286A482D0053A302 /* Sources */,
				61AADEB7286A482D0053A302 /* Frameworks */,
				61AADEB8286A482D0053A302 /* Resources */,
			);
			buildRules = (
			);
			dependencies = (
				61AADEBD286A482D0053A302 /* PBXTargetDependency */,
				61AADEBF286A482D0053A302 /* PBXTargetDependency */,
			);
			name = AltapiTests;
			productName = AltapiTests;
			productReference = 61AADEBA286A482D0053A302 /* AltapiTests.xctest */;
			productType = "com.apple.product-type.bundle.unit-test";
		};
/* End PBXNativeTarget section */

/* Begin PBXProject section */
		61AADE93286A46F40053A302 /* Project object */ = {
			isa = PBXProject;
			attributes = {
				BuildIndependentTargetsInParallel = 1;
				LastSwiftUpdateCheck = 1400;
				LastUpgradeCheck = 1400;
				TargetAttributes = {
					61AADE9A286A46F40053A302 = {
						CreatedOnToolsVersion = 14.0;
					};
					61AADEB0286A482C0053A302 = {
						CreatedOnToolsVersion = 14.0;
					};
					61AADEB9286A482D0053A302 = {
						CreatedOnToolsVersion = 14.0;
						TestTargetID = 61AADE9A286A46F40053A302;
					};
				};
			};
			buildConfigurationList = 61AADE96286A46F40053A302 /* Build configuration list for PBXProject "Fancy Schedule" */;
			compatibilityVersion = "Xcode 14.0";
			developmentRegion = en;
			hasScannedForEncodings = 0;
			knownRegions = (
				en,
				Base,
			);
			mainGroup = 61AADE92286A46F40053A302;
			packageReferences = (
				612156DE287061C70041EB2B /* XCRemoteSwiftPackageReference "DateHelper" */,
			);
			productRefGroup = 61AADE9C286A46F40053A302 /* Products */;
			projectDirPath = "";
			projectRoot = "";
			targets = (
				61AADE9A286A46F40053A302 /* Fancy Schedule */,
				61AADEB0286A482C0053A302 /* Altapi */,
				61AADEB9286A482D0053A302 /* AltapiTests */,
			);
		};
/* End PBXProject section */

/* Begin PBXResourcesBuildPhase section */
		61AADE99286A46F40053A302 /* Resources */ = {
			isa = PBXResourcesBuildPhase;
			buildActionMask = 2147483647;
			files = (
				61AADEA6286A46F50053A302 /* Preview Assets.xcassets in Resources */,
				61AADEA3286A46F50053A302 /* Assets.xcassets in Resources */,
			);
			runOnlyForDeploymentPostprocessing = 0;
		};
		61AADEAF286A482C0053A302 /* Resources */ = {
			isa = PBXResourcesBuildPhase;
			buildActionMask = 2147483647;
			files = (
			);
			runOnlyForDeploymentPostprocessing = 0;
		};
		61AADEB8286A482D0053A302 /* Resources */ = {
			isa = PBXResourcesBuildPhase;
			buildActionMask = 2147483647;
			files = (
			);
			runOnlyForDeploymentPostprocessing = 0;
		};
/* End PBXResourcesBuildPhase section */

/* Begin PBXSourcesBuildPhase section */
		61AADE97286A46F40053A302 /* Sources */ = {
			isa = PBXSourcesBuildPhase;
			buildActionMask = 2147483647;
			files = (
				61A581FB287186E90091FAA1 /* Altapi+Extensions.swift in Sources */,
				61AADEA1286A46F40053A302 /* ContentView.swift in Sources */,
				61A581F9287185900091FAA1 /* EntryCell.swift in Sources */,
				61AADE9F286A46F40053A302 /* Fancy_ScheduleApp.swift in Sources */,
			);
			runOnlyForDeploymentPostprocessing = 0;
		};
		61AADEAD286A482C0053A302 /* Sources */ = {
			isa = PBXSourcesBuildPhase;
			buildActionMask = 2147483647;
			files = (
				61AADED2286A49D50053A302 /* Models.swift in Sources */,
				61AADED0286A49BC0053A302 /* Altapi.swift in Sources */,
				61AADEB5286A482C0053A302 /* Altapi.docc in Sources */,
			);
			runOnlyForDeploymentPostprocessing = 0;
		};
		61AADEB6286A482D0053A302 /* Sources */ = {
			isa = PBXSourcesBuildPhase;
			buildActionMask = 2147483647;
			files = (
				61AADEC2286A482D0053A302 /* AltapiTests.swift in Sources */,
			);
			runOnlyForDeploymentPostprocessing = 0;
		};
/* End PBXSourcesBuildPhase section */

/* Begin PBXTargetDependency section */
		61AADEBD286A482D0053A302 /* PBXTargetDependency */ = {
			isa = PBXTargetDependency;
			target = 61AADEB0286A482C0053A302 /* Altapi */;
			targetProxy = 61AADEBC286A482D0053A302 /* PBXContainerItemProxy */;
		};
		61AADEBF286A482D0053A302 /* PBXTargetDependency */ = {
			isa = PBXTargetDependency;
			target = 61AADE9A286A46F40053A302 /* Fancy Schedule */;
			targetProxy = 61AADEBE286A482D0053A302 /* PBXContainerItemProxy */;
		};
		61AADEC5286A482D0053A302 /* PBXTargetDependency */ = {
			isa = PBXTargetDependency;
			target = 61AADEB0286A482C0053A302 /* Altapi */;
			targetProxy = 61AADEC4286A482D0053A302 /* PBXContainerItemProxy */;
		};
/* End PBXTargetDependency section */

/* Begin XCBuildConfiguration section */
		61AADEA7286A46F50053A302 /* Debug */ = {
			isa = XCBuildConfiguration;
			buildSettings = {
				ALWAYS_SEARCH_USER_PATHS = NO;
				CLANG_ANALYZER_NONNULL = YES;
				CLANG_ANALYZER_NUMBER_OBJECT_CONVERSION = YES_AGGRESSIVE;
				CLANG_CXX_LANGUAGE_STANDARD = "gnu++17";
				CLANG_ENABLE_MODULES = YES;
				CLANG_ENABLE_OBJC_ARC = YES;
				CLANG_ENABLE_OBJC_WEAK = YES;
				CLANG_WARN_BLOCK_CAPTURE_AUTORELEASING = YES;
				CLANG_WARN_BOOL_CONVERSION = YES;
				CLANG_WARN_COMMA = YES;
				CLANG_WARN_CONSTANT_CONVERSION = YES;
				CLANG_WARN_DEPRECATED_OBJC_IMPLEMENTATIONS = YES;
				CLANG_WARN_DIRECT_OBJC_ISA_USAGE = YES_ERROR;
				CLANG_WARN_DOCUMENTATION_COMMENTS = YES;
				CLANG_WARN_EMPTY_BODY = YES;
				CLANG_WARN_ENUM_CONVERSION = YES;
				CLANG_WARN_INFINITE_RECURSION = YES;
				CLANG_WARN_INT_CONVERSION = YES;
				CLANG_WARN_NON_LITERAL_NULL_CONVERSION = YES;
				CLANG_WARN_OBJC_IMPLICIT_RETAIN_SELF = YES;
				CLANG_WARN_OBJC_LITERAL_CONVERSION = YES;
				CLANG_WARN_OBJC_ROOT_CLASS = YES_ERROR;
				CLANG_WARN_QUOTED_INCLUDE_IN_FRAMEWORK_HEADER = YES;
				CLANG_WARN_RANGE_LOOP_ANALYSIS = YES;
				CLANG_WARN_STRICT_PROTOTYPES = YES;
				CLANG_WARN_SUSPICIOUS_MOVE = YES;
				CLANG_WARN_UNGUARDED_AVAILABILITY = YES_AGGRESSIVE;
				CLANG_WARN_UNREACHABLE_CODE = YES;
				CLANG_WARN__DUPLICATE_METHOD_MATCH = YES;
				COPY_PHASE_STRIP = NO;
				DEBUG_INFORMATION_FORMAT = dwarf;
				ENABLE_STRICT_OBJC_MSGSEND = YES;
				ENABLE_TESTABILITY = YES;
				GCC_C_LANGUAGE_STANDARD = gnu11;
				GCC_DYNAMIC_NO_PIC = NO;
				GCC_NO_COMMON_BLOCKS = YES;
				GCC_OPTIMIZATION_LEVEL = 0;
				GCC_PREPROCESSOR_DEFINITIONS = (
					"DEBUG=1",
					"$(inherited)",
				);
				GCC_WARN_64_TO_32_BIT_CONVERSION = YES;
				GCC_WARN_ABOUT_RETURN_TYPE = YES_ERROR;
				GCC_WARN_UNDECLARED_SELECTOR = YES;
				GCC_WARN_UNINITIALIZED_AUTOS = YES_AGGRESSIVE;
				GCC_WARN_UNUSED_FUNCTION = YES;
				GCC_WARN_UNUSED_VARIABLE = YES;
				IPHONEOS_DEPLOYMENT_TARGET = 16.0;
				MTL_ENABLE_DEBUG_INFO = INCLUDE_SOURCE;
				MTL_FAST_MATH = YES;
				ONLY_ACTIVE_ARCH = YES;
				SDKROOT = iphoneos;
				SWIFT_ACTIVE_COMPILATION_CONDITIONS = DEBUG;
				SWIFT_OPTIMIZATION_LEVEL = "-Onone";
			};
			name = Debug;
		};
		61AADEA8286A46F50053A302 /* Release */ = {
			isa = XCBuildConfiguration;
			buildSettings = {
				ALWAYS_SEARCH_USER_PATHS = NO;
				CLANG_ANALYZER_NONNULL = YES;
				CLANG_ANALYZER_NUMBER_OBJECT_CONVERSION = YES_AGGRESSIVE;
				CLANG_CXX_LANGUAGE_STANDARD = "gnu++17";
				CLANG_ENABLE_MODULES = YES;
				CLANG_ENABLE_OBJC_ARC = YES;
				CLANG_ENABLE_OBJC_WEAK = YES;
				CLANG_WARN_BLOCK_CAPTURE_AUTORELEASING = YES;
				CLANG_WARN_BOOL_CONVERSION = YES;
				CLANG_WARN_COMMA = YES;
				CLANG_WARN_CONSTANT_CONVERSION = YES;
				CLANG_WARN_DEPRECATED_OBJC_IMPLEMENTATIONS = YES;
				CLANG_WARN_DIRECT_OBJC_ISA_USAGE = YES_ERROR;
				CLANG_WARN_DOCUMENTATION_COMMENTS = YES;
				CLANG_WARN_EMPTY_BODY = YES;
				CLANG_WARN_ENUM_CONVERSION = YES;
				CLANG_WARN_INFINITE_RECURSION = YES;
				CLANG_WARN_INT_CONVERSION = YES;
				CLANG_WARN_NON_LITERAL_NULL_CONVERSION = YES;
				CLANG_WARN_OBJC_IMPLICIT_RETAIN_SELF = YES;
				CLANG_WARN_OBJC_LITERAL_CONVERSION = YES;
				CLANG_WARN_OBJC_ROOT_CLASS = YES_ERROR;
				CLANG_WARN_QUOTED_INCLUDE_IN_FRAMEWORK_HEADER = YES;
				CLANG_WARN_RANGE_LOOP_ANALYSIS = YES;
				CLANG_WARN_STRICT_PROTOTYPES = YES;
				CLANG_WARN_SUSPICIOUS_MOVE = YES;
				CLANG_WARN_UNGUARDED_AVAILABILITY = YES_AGGRESSIVE;
				CLANG_WARN_UNREACHABLE_CODE = YES;
				CLANG_WARN__DUPLICATE_METHOD_MATCH = YES;
				COPY_PHASE_STRIP = NO;
				DEBUG_INFORMATION_FORMAT = "dwarf-with-dsym";
				ENABLE_NS_ASSERTIONS = NO;
				ENABLE_STRICT_OBJC_MSGSEND = YES;
				GCC_C_LANGUAGE_STANDARD = gnu11;
				GCC_NO_COMMON_BLOCKS = YES;
				GCC_WARN_64_TO_32_BIT_CONVERSION = YES;
				GCC_WARN_ABOUT_RETURN_TYPE = YES_ERROR;
				GCC_WARN_UNDECLARED_SELECTOR = YES;
				GCC_WARN_UNINITIALIZED_AUTOS = YES_AGGRESSIVE;
				GCC_WARN_UNUSED_FUNCTION = YES;
				GCC_WARN_UNUSED_VARIABLE = YES;
				IPHONEOS_DEPLOYMENT_TARGET = 16.0;
				MTL_ENABLE_DEBUG_INFO = NO;
				MTL_FAST_MATH = YES;
				SDKROOT = iphoneos;
				SWIFT_COMPILATION_MODE = wholemodule;
				SWIFT_OPTIMIZATION_LEVEL = "-O";
				VALIDATE_PRODUCT = YES;
			};
			name = Release;
		};
		61AADEAA286A46F50053A302 /* Debug */ = {
			isa = XCBuildConfiguration;
			buildSettings = {
				ALWAYS_EMBED_SWIFT_STANDARD_LIBRARIES = YES;
				ASSETCATALOG_COMPILER_APPICON_NAME = AppIcon;
				ASSETCATALOG_COMPILER_GLOBAL_ACCENT_COLOR_NAME = AccentColor;
				CODE_SIGN_STYLE = Automatic;
				CURRENT_PROJECT_VERSION = 1;
				DEVELOPMENT_ASSET_PATHS = "\"Fancy Schedule/Preview Content\"";
				DEVELOPMENT_TEAM = 4FMVLVPJGA;
				ENABLE_PREVIEWS = YES;
				GENERATE_INFOPLIST_FILE = YES;
				INFOPLIST_KEY_CFBundleDisplayName = "Fancy Schedule";
				INFOPLIST_KEY_LSApplicationCategoryType = "public.app-category.education";
				INFOPLIST_KEY_UIApplicationSceneManifest_Generation = YES;
				INFOPLIST_KEY_UIApplicationSupportsIndirectInputEvents = YES;
				INFOPLIST_KEY_UILaunchScreen_Generation = YES;
				INFOPLIST_KEY_UISupportedInterfaceOrientations = UIInterfaceOrientationPortrait;
				INFOPLIST_KEY_UISupportedInterfaceOrientations_iPad = "UIInterfaceOrientationLandscapeLeft UIInterfaceOrientationLandscapeRight UIInterfaceOrientationPortraitUpsideDown";
				IPHONEOS_DEPLOYMENT_TARGET = 15.4;
				LD_RUNPATH_SEARCH_PATHS = (
					"$(inherited)",
					"@executable_path/Frameworks",
				);
				MARKETING_VERSION = 1.0;
				PRODUCT_BUNDLE_IDENTIFIER = "dev.kpostek.Fancy-Schedule";
				PRODUCT_NAME = "$(TARGET_NAME)";
				SWIFT_EMIT_LOC_STRINGS = YES;
				SWIFT_VERSION = 5.0;
				TARGETED_DEVICE_FAMILY = "1,2";
			};
			name = Debug;
		};
		61AADEAB286A46F50053A302 /* Release */ = {
			isa = XCBuildConfiguration;
			buildSettings = {
				ALWAYS_EMBED_SWIFT_STANDARD_LIBRARIES = YES;
				ASSETCATALOG_COMPILER_APPICON_NAME = AppIcon;
				ASSETCATALOG_COMPILER_GLOBAL_ACCENT_COLOR_NAME = AccentColor;
				CODE_SIGN_STYLE = Automatic;
				CURRENT_PROJECT_VERSION = 1;
				DEVELOPMENT_ASSET_PATHS = "\"Fancy Schedule/Preview Content\"";
				DEVELOPMENT_TEAM = 4FMVLVPJGA;
				ENABLE_PREVIEWS = YES;
				GENERATE_INFOPLIST_FILE = YES;
				INFOPLIST_KEY_CFBundleDisplayName = "Fancy Schedule";
				INFOPLIST_KEY_LSApplicationCategoryType = "public.app-category.education";
				INFOPLIST_KEY_UIApplicationSceneManifest_Generation = YES;
				INFOPLIST_KEY_UIApplicationSupportsIndirectInputEvents = YES;
				INFOPLIST_KEY_UILaunchScreen_Generation = YES;
				INFOPLIST_KEY_UISupportedInterfaceOrientations = UIInterfaceOrientationPortrait;
				INFOPLIST_KEY_UISupportedInterfaceOrientations_iPad = "UIInterfaceOrientationLandscapeLeft UIInterfaceOrientationLandscapeRight UIInterfaceOrientationPortraitUpsideDown";
				IPHONEOS_DEPLOYMENT_TARGET = 15.4;
				LD_RUNPATH_SEARCH_PATHS = (
					"$(inherited)",
					"@executable_path/Frameworks",
				);
				MARKETING_VERSION = 1.0;
				PRODUCT_BUNDLE_IDENTIFIER = "dev.kpostek.Fancy-Schedule";
				PRODUCT_NAME = "$(TARGET_NAME)";
				SWIFT_EMIT_LOC_STRINGS = YES;
				SWIFT_VERSION = 5.0;
				TARGETED_DEVICE_FAMILY = "1,2";
			};
			name = Release;
		};
		61AADEC9286A482D0053A302 /* Debug */ = {
			isa = XCBuildConfiguration;
			buildSettings = {
				CODE_SIGN_STYLE = Automatic;
				CURRENT_PROJECT_VERSION = 1;
				DEFINES_MODULE = YES;
				DEVELOPMENT_TEAM = 4FMVLVPJGA;
				DYLIB_COMPATIBILITY_VERSION = 1;
				DYLIB_CURRENT_VERSION = 1;
				DYLIB_INSTALL_NAME_BASE = "@rpath";
				GENERATE_INFOPLIST_FILE = YES;
				INFOPLIST_KEY_NSHumanReadableCopyright = "";
				INSTALL_PATH = "$(LOCAL_LIBRARY_DIR)/Frameworks";
				IPHONEOS_DEPLOYMENT_TARGET = 15.4;
				LD_RUNPATH_SEARCH_PATHS = (
					"$(inherited)",
					"@executable_path/Frameworks",
					"@loader_path/Frameworks",
				);
				MARKETING_VERSION = 1.0;
				PRODUCT_BUNDLE_IDENTIFIER = dev.kpostek.Altapi;
				PRODUCT_NAME = "$(TARGET_NAME:c99extidentifier)";
				SKIP_INSTALL = YES;
				SWIFT_EMIT_LOC_STRINGS = YES;
				SWIFT_VERSION = 5.0;
				TARGETED_DEVICE_FAMILY = "1,2";
				VERSIONING_SYSTEM = "apple-generic";
				VERSION_INFO_PREFIX = "";
			};
			name = Debug;
		};
		61AADECA286A482D0053A302 /* Release */ = {
			isa = XCBuildConfiguration;
			buildSettings = {
				CODE_SIGN_STYLE = Automatic;
				CURRENT_PROJECT_VERSION = 1;
				DEFINES_MODULE = YES;
				DEVELOPMENT_TEAM = 4FMVLVPJGA;
				DYLIB_COMPATIBILITY_VERSION = 1;
				DYLIB_CURRENT_VERSION = 1;
				DYLIB_INSTALL_NAME_BASE = "@rpath";
				GENERATE_INFOPLIST_FILE = YES;
				INFOPLIST_KEY_NSHumanReadableCopyright = "";
				INSTALL_PATH = "$(LOCAL_LIBRARY_DIR)/Frameworks";
				IPHONEOS_DEPLOYMENT_TARGET = 15.4;
				LD_RUNPATH_SEARCH_PATHS = (
					"$(inherited)",
					"@executable_path/Frameworks",
					"@loader_path/Frameworks",
				);
				MARKETING_VERSION = 1.0;
				PRODUCT_BUNDLE_IDENTIFIER = dev.kpostek.Altapi;
				PRODUCT_NAME = "$(TARGET_NAME:c99extidentifier)";
				SKIP_INSTALL = YES;
				SWIFT_EMIT_LOC_STRINGS = YES;
				SWIFT_VERSION = 5.0;
				TARGETED_DEVICE_FAMILY = "1,2";
				VERSIONING_SYSTEM = "apple-generic";
				VERSION_INFO_PREFIX = "";
			};
			name = Release;
		};
		61AADECD286A482D0053A302 /* Debug */ = {
			isa = XCBuildConfiguration;
			buildSettings = {
				ALWAYS_EMBED_SWIFT_STANDARD_LIBRARIES = YES;
				CODE_SIGN_STYLE = Automatic;
				CURRENT_PROJECT_VERSION = 1;
				DEVELOPMENT_TEAM = 4FMVLVPJGA;
				GENERATE_INFOPLIST_FILE = YES;
				MARKETING_VERSION = 1.0;
				PRODUCT_BUNDLE_IDENTIFIER = dev.kpostek.AltapiTests;
				PRODUCT_NAME = "$(TARGET_NAME)";
				SWIFT_EMIT_LOC_STRINGS = NO;
				SWIFT_VERSION = 5.0;
				TARGETED_DEVICE_FAMILY = "1,2";
				TEST_HOST = "$(BUILT_PRODUCTS_DIR)/Fancy Schedule.app/$(BUNDLE_EXECUTABLE_FOLDER_PATH)/Fancy Schedule";
			};
			name = Debug;
		};
		61AADECE286A482D0053A302 /* Release */ = {
			isa = XCBuildConfiguration;
			buildSettings = {
				ALWAYS_EMBED_SWIFT_STANDARD_LIBRARIES = YES;
				CODE_SIGN_STYLE = Automatic;
				CURRENT_PROJECT_VERSION = 1;
				DEVELOPMENT_TEAM = 4FMVLVPJGA;
				GENERATE_INFOPLIST_FILE = YES;
				MARKETING_VERSION = 1.0;
				PRODUCT_BUNDLE_IDENTIFIER = dev.kpostek.AltapiTests;
				PRODUCT_NAME = "$(TARGET_NAME)";
				SWIFT_EMIT_LOC_STRINGS = NO;
				SWIFT_VERSION = 5.0;
				TARGETED_DEVICE_FAMILY = "1,2";
				TEST_HOST = "$(BUILT_PRODUCTS_DIR)/Fancy Schedule.app/$(BUNDLE_EXECUTABLE_FOLDER_PATH)/Fancy Schedule";
			};
			name = Release;
		};
/* End XCBuildConfiguration section */

/* Begin XCConfigurationList section */
		61AADE96286A46F40053A302 /* Build configuration list for PBXProject "Fancy Schedule" */ = {
			isa = XCConfigurationList;
			buildConfigurations = (
				61AADEA7286A46F50053A302 /* Debug */,
				61AADEA8286A46F50053A302 /* Release */,
			);
			defaultConfigurationIsVisible = 0;
			defaultConfigurationName = Release;
		};
		61AADEA9286A46F50053A302 /* Build configuration list for PBXNativeTarget "Fancy Schedule" */ = {
			isa = XCConfigurationList;
			buildConfigurations = (
				61AADEAA286A46F50053A302 /* Debug */,
				61AADEAB286A46F50053A302 /* Release */,
			);
			defaultConfigurationIsVisible = 0;
			defaultConfigurationName = Release;
		};
		61AADEC8286A482D0053A302 /* Build configuration list for PBXNativeTarget "Altapi" */ = {
			isa = XCConfigurationList;
			buildConfigurations = (
				61AADEC9286A482D0053A302 /* Debug */,
				61AADECA286A482D0053A302 /* Release */,
			);
			defaultConfigurationIsVisible = 0;
			defaultConfigurationName = Release;
		};
		61AADECC286A482D0053A302 /* Build configuration list for PBXNativeTarget "AltapiTests" */ = {
			isa = XCConfigurationList;
			buildConfigurations = (
				61AADECD286A482D0053A302 /* Debug */,
				61AADECE286A482D0053A302 /* Release */,
			);
			defaultConfigurationIsVisible = 0;
			defaultConfigurationName = Release;
		};
/* End XCConfigurationList section */

/* Begin XCRemoteSwiftPackageReference section */
		612156DE287061C70041EB2B /* XCRemoteSwiftPackageReference "DateHelper" */ = {
			isa = XCRemoteSwiftPackageReference;
			repositoryURL = "https://github.com/melvitax/DateHelper";
			requirement = {
				kind = upToNextMajorVersion;
				minimumVersion = 5.0.0;
			};
		};
/* End XCRemoteSwiftPackageReference section */

/* Begin XCSwiftPackageProductDependency section */
		612156DF287061C70041EB2B /* DateHelper */ = {
			isa = XCSwiftPackageProductDependency;
			package = 612156DE287061C70041EB2B /* XCRemoteSwiftPackageReference "DateHelper" */;
			productName = DateHelper;
		};
/* End XCSwiftPackageProductDependency section */
	};
	rootObject = 61AADE93286A46F40053A302 /* Project object */;
}
